{
  "requires": true,
  "lockfileVersion": 1,
  "dependencies": {
    "iscowalive": {
      "version": "1.0.0",
      "resolved": "https://registry.npmjs.org/iscowalive/-/iscowalive-1.0.0.tgz",
      "integrity": "sha512-PJrZ+AZT0zaP3aV1eqaPI5ZzAWZNS+HMDsITpYY7sCDDpxwap+JG1g5/FKpVMHZ3OEhR4ieG/wDezBkwWNl/JQ=="
    }
  }
}
